
Microsoft Visual Studio Solution File, Format Version 12.00
# Visual Studio Version 16
VisualStudioVersion = 16.0.29806.167
MinimumVisualStudioVersion = 10.0.40219.1
Project("{FAE04EC0-301F-11D3-BF4B-00C04F79EFBC}") = "GLTFSerialization", "GLTFSerialization/GLTFSerialization.csproj", "{8CED730D-5457-479D-A532-D7BFFF9D2349}"
EndProject
Global
	GlobalSection(SolutionConfigurationPlatforms) = preSolution
		Debug|Any CPU = Debug|Any CPU
		Release|Any CPU = Release|Any CPU
	EndGlobalSection
	GlobalSection(ProjectConfigurationPlatforms) = postSolution
		{8CED730D-5457-479D-A532-D7BFFF9D2349}.Debug|Any CPU.ActiveCfg = Debug|Any CPU
		{8CED730D-5457-479D-A532-D7BFFF9D2349}.Debug|Any CPU.Build.0 = Debug|Any CPU
		{8CED730D-5457-479D-A532-D7BFFF9D2349}.Release|Any CPU.ActiveCfg = Release|Any CPU
		{8CED730D-5457-479D-A532-D7BFFF9D2349}.Release|Any CPU.Build.0 = Release|Any CPU
	EndGlobalSection
	GlobalSection(SolutionProperties) = preSolution
		HideSolutionNode = FALSE
	EndGlobalSection
	GlobalSection(ExtensibilityGlobals) = postSolution
		SolutionGuid = {B27B9D77-F0D4-4AAC-A920-7BA79766C6CD}
	EndGlobalSection
EndGlobal
